
Microsoft Visual Studio Solution File, Format Version 12.00
# Visual Studio Version 17
VisualStudioVersion = 17.0.31903.59
MinimumVisualStudioVersion = 10.0.40219.1
Project("{2150E333-8FDC-42A3-9474-1A3956D46DE8}") = "src", "src", "{85F1F997-8AB0-4979-BDB9-FEE28F018E3D}"
EndProject
Project("{FAE04EC0-301F-11D3-BF4B-00C04F79EFBC}") = "ShirtShop", "src\ShirtShop\ShirtShop.csproj", "{E1B27AA0-51DB-41CF-9D6C-DE55C3D0AF66}"
EndProject
Global
	GlobalSection(SolutionConfigurationPlatforms) = preSolution
		Debug|Any CPU = Debug|Any CPU
		Release|Any CPU = Release|Any CPU
	EndGlobalSection
	GlobalSection(SolutionProperties) = preSolution
		HideSolutionNode = FALSE
	EndGlobalSection
	GlobalSection(ProjectConfigurationPlatforms) = postSolution
		{E1B27AA0-51DB-41CF-9D6C-DE55C3D0AF66}.Debug|Any CPU.ActiveCfg = Debug|Any CPU
		{E1B27AA0-51DB-41CF-9D6C-DE55C3D0AF66}.Debug|Any CPU.Build.0 = Debug|Any CPU
		{E1B27AA0-51DB-41CF-9D6C-DE55C3D0AF66}.Release|Any CPU.ActiveCfg = Release|Any CPU
		{E1B27AA0-51DB-41CF-9D6C-DE55C3D0AF66}.Release|Any CPU.Build.0 = Release|Any CPU
	EndGlobalSection
	GlobalSection(NestedProjects) = preSolution
		{E1B27AA0-51DB-41CF-9D6C-DE55C3D0AF66} = {85F1F997-8AB0-4979-BDB9-FEE28F018E3D}
	EndGlobalSection
EndGlobal
